
Microsoft Visual Studio Solution File, Format Version 12.00
# Visual Studio Version 16
VisualStudioVersion = 16.0.28516.95
MinimumVisualStudioVersion = 10.0.40219.1
Project("{9A19103F-16F7-4668-BE54-9A1E7A4F7556}") = "FizzBuzz", "FizzBuzz\FizzBuzz.csproj", "{44401DEC-5F52-4A42-8D6D-0A4563F19B5E}"
EndProject
Project("{9A19103F-16F7-4668-BE54-9A1E7A4F7556}") = "FizzBuzz.Console", "Console\FizzBuzz.Console.csproj", "{5A889BA2-3DED-4825-A839-CDD7150DE8A0}"
EndProject
Project("{9A19103F-16F7-4668-BE54-9A1E7A4F7556}") = "FizzBuzz.DependencyInjection", "DependencyInjection\FizzBuzz.DependencyInjection.csproj", "{6B12FC3D-3719-498A-86B0-ACD91E7228AF}"
EndProject
Project("{9A19103F-16F7-4668-BE54-9A1E7A4F7556}") = "FizzBuzz.DependencyInjection.Tests", "DependencyInjection.Tests\FizzBuzz.DependencyInjection.Tests.csproj", "{E2AB37B0-EEA9-4B5F-AD4D-AE73FCC9E3AB}"
EndProject
Project("{FAE04EC0-301F-11D3-BF4B-00C04F79EFBC}") = "FizzBuzz.Logs", "Logs\FizzBuzz.Logs.csproj", "{8DE6D0FC-9875-406D-9FE5-DE8BC1D62EFC}"
EndProject
Project("{9A19103F-16F7-4668-BE54-9A1E7A4F7556}") = "FizzBuzz.Tests", "FizzBuzz.Tests\FizzBuzz.Tests.csproj", "{6E62C0C0-BDFD-4259-A30A-9CEFBA184FB1}"
EndProject
Global
	GlobalSection(SolutionConfigurationPlatforms) = preSolution
		Debug|Any CPU = Debug|Any CPU
		Release|Any CPU = Release|Any CPU
	EndGlobalSection
	GlobalSection(ProjectConfigurationPlatforms) = postSolution
		{44401DEC-5F52-4A42-8D6D-0A4563F19B5E}.Debug|Any CPU.ActiveCfg = Debug|Any CPU
		{44401DEC-5F52-4A42-8D6D-0A4563F19B5E}.Debug|Any CPU.Build.0 = Debug|Any CPU
		{44401DEC-5F52-4A42-8D6D-0A4563F19B5E}.Release|Any CPU.ActiveCfg = Release|Any CPU
		{44401DEC-5F52-4A42-8D6D-0A4563F19B5E}.Release|Any CPU.Build.0 = Release|Any CPU
		{5A889BA2-3DED-4825-A839-CDD7150DE8A0}.Debug|Any CPU.ActiveCfg = Debug|Any CPU
		{5A889BA2-3DED-4825-A839-CDD7150DE8A0}.Debug|Any CPU.Build.0 = Debug|Any CPU
		{5A889BA2-3DED-4825-A839-CDD7150DE8A0}.Release|Any CPU.ActiveCfg = Release|Any CPU
		{5A889BA2-3DED-4825-A839-CDD7150DE8A0}.Release|Any CPU.Build.0 = Release|Any CPU
		{6B12FC3D-3719-498A-86B0-ACD91E7228AF}.Debug|Any CPU.ActiveCfg = Debug|Any CPU
		{6B12FC3D-3719-498A-86B0-ACD91E7228AF}.Debug|Any CPU.Build.0 = Debug|Any CPU
		{6B12FC3D-3719-498A-86B0-ACD91E7228AF}.Release|Any CPU.ActiveCfg = Release|Any CPU
		{6B12FC3D-3719-498A-86B0-ACD91E7228AF}.Release|Any CPU.Build.0 = Release|Any CPU
		{E2AB37B0-EEA9-4B5F-AD4D-AE73FCC9E3AB}.Debug|Any CPU.ActiveCfg = Debug|Any CPU
		{E2AB37B0-EEA9-4B5F-AD4D-AE73FCC9E3AB}.Debug|Any CPU.Build.0 = Debug|Any CPU
		{E2AB37B0-EEA9-4B5F-AD4D-AE73FCC9E3AB}.Release|Any CPU.ActiveCfg = Release|Any CPU
		{E2AB37B0-EEA9-4B5F-AD4D-AE73FCC9E3AB}.Release|Any CPU.Build.0 = Release|Any CPU
		{8DE6D0FC-9875-406D-9FE5-DE8BC1D62EFC}.Debug|Any CPU.ActiveCfg = Debug|Any CPU
		{8DE6D0FC-9875-406D-9FE5-DE8BC1D62EFC}.Debug|Any CPU.Build.0 = Debug|Any CPU
		{8DE6D0FC-9875-406D-9FE5-DE8BC1D62EFC}.Release|Any CPU.ActiveCfg = Release|Any CPU
		{8DE6D0FC-9875-406D-9FE5-DE8BC1D62EFC}.Release|Any CPU.Build.0 = Release|Any CPU
		{6E62C0C0-BDFD-4259-A30A-9CEFBA184FB1}.Debug|Any CPU.ActiveCfg = Debug|Any CPU
		{6E62C0C0-BDFD-4259-A30A-9CEFBA184FB1}.Debug|Any CPU.Build.0 = Debug|Any CPU
		{6E62C0C0-BDFD-4259-A30A-9CEFBA184FB1}.Release|Any CPU.ActiveCfg = Release|Any CPU
		{6E62C0C0-BDFD-4259-A30A-9CEFBA184FB1}.Release|Any CPU.Build.0 = Release|Any CPU
	EndGlobalSection
	GlobalSection(SolutionProperties) = preSolution
		HideSolutionNode = FALSE
	EndGlobalSection
	GlobalSection(ExtensibilityGlobals) = postSolution
		SolutionGuid = {657C879F-8E51-4070-8A54-BE61ACF10853}
	EndGlobalSection
EndGlobal
