
Microsoft Visual Studio Solution File, Format Version 12.00
# Visual Studio Version 16
VisualStudioVersion = 16.0.28516.95
MinimumVisualStudioVersion = 10.0.40219.1
Project("{FAE04EC0-301F-11D3-BF4B-00C04F79EFBC}") = "FizzBuzz", "FizzBuzz\FizzBuzz.csproj", "{44401DEC-5F52-4A42-8D6D-0A4563F19B5E}"
EndProject
Global
	GlobalSection(SolutionConfigurationPlatforms) = preSolution
		Debug|Any CPU = Debug|Any CPU
		Release|Any CPU = Release|Any CPU
	EndGlobalSection
	GlobalSection(ProjectConfigurationPlatforms) = postSolution
		{44401DEC-5F52-4A42-8D6D-0A4563F19B5E}.Debug|Any CPU.ActiveCfg = Debug|Any CPU
		{44401DEC-5F52-4A42-8D6D-0A4563F19B5E}.Debug|Any CPU.Build.0 = Debug|Any CPU
		{44401DEC-5F52-4A42-8D6D-0A4563F19B5E}.Release|Any CPU.ActiveCfg = Release|Any CPU
		{44401DEC-5F52-4A42-8D6D-0A4563F19B5E}.Release|Any CPU.Build.0 = Release|Any CPU
	EndGlobalSection
	GlobalSection(SolutionProperties) = preSolution
		HideSolutionNode = FALSE
	EndGlobalSection
	GlobalSection(ExtensibilityGlobals) = postSolution
		SolutionGuid = {657C879F-8E51-4070-8A54-BE61ACF10853}
	EndGlobalSection
EndGlobal
